
Microsoft Visual Studio Solution File, Format Version 12.00
# Visual Studio Version 16
VisualStudioVersion = 16.0.30002.166
MinimumVisualStudioVersion = 10.0.40219.1
Project("{FAE04EC0-301F-11D3-BF4B-00C04F79EFBC}") = "ConsoleApp", "ConsoleApp.csproj", "{BD991F87-7399-4362-BABB-EAAB163A500D}"
EndProject
Global
	GlobalSection(SolutionConfigurationPlatforms) = preSolution
		Debug|Any CPU = Debug|Any CPU
		Release|Any CPU = Release|Any CPU
	EndGlobalSection
	GlobalSection(ProjectConfigurationPlatforms) = postSolution
		{BD991F87-7399-4362-BABB-EAAB163A500D}.Debug|Any CPU.ActiveCfg = Debug|Any CPU
		{BD991F87-7399-4362-BABB-EAAB163A500D}.Debug|Any CPU.Build.0 = Debug|Any CPU
		{BD991F87-7399-4362-BABB-EAAB163A500D}.Release|Any CPU.ActiveCfg = Release|Any CPU
		{BD991F87-7399-4362-BABB-EAAB163A500D}.Release|Any CPU.Build.0 = Release|Any CPU
	EndGlobalSection
	GlobalSection(SolutionProperties) = preSolution
		HideSolutionNode = FALSE
	EndGlobalSection
	GlobalSection(ExtensibilityGlobals) = postSolution
		SolutionGuid = {351569A5-C382-47D0-A7B2-13DB739581D0}
	EndGlobalSection
EndGlobal
